
Microsoft Visual Studio Solution File, Format Version 10.00
# Visual Studio 2008
Project("{FAE04EC0-301F-11D3-BF4B-00C04F79EFBC}") = "Photobook", "Photobook\Photobook.csproj", "{97118A1A-BC13-4977-ABCE-899F4A84479E}"
EndProject
Global
	GlobalSection(SolutionConfigurationPlatforms) = preSolution
		Debug|Any CPU = Debug|Any CPU
		Release|Any CPU = Release|Any CPU
	EndGlobalSection
	GlobalSection(ProjectConfigurationPlatforms) = postSolution
		{97118A1A-BC13-4977-ABCE-899F4A84479E}.Debug|Any CPU.ActiveCfg = Debug|Any CPU
		{97118A1A-BC13-4977-ABCE-899F4A84479E}.Debug|Any CPU.Build.0 = Debug|Any CPU
		{97118A1A-BC13-4977-ABCE-899F4A84479E}.Release|Any CPU.ActiveCfg = Release|Any CPU
		{97118A1A-BC13-4977-ABCE-899F4A84479E}.Release|Any CPU.Build.0 = Release|Any CPU
	EndGlobalSection
	GlobalSection(SolutionProperties) = preSolution
		HideSolutionNode = FALSE
	EndGlobalSection
EndGlobal
